
Microsoft Visual Studio Solution File, Format Version 12.00
# Visual Studio Version 17
VisualStudioVersion = 17.2.32526.322
MinimumVisualStudioVersion = 10.0.40219.1
Project("{9A19103F-16F7-4668-BE54-9A1E7A4F7556}") = "2_Encapsulation", "2_Encapsulation\2_Encapsulation.csproj", "{137AE305-49EB-45D6-A32E-1221EDE20A73}"
EndProject
Project("{9A19103F-16F7-4668-BE54-9A1E7A4F7556}") = "2_Encapsulation_2", "2_Encapsulation_2\2_Encapsulation_2.csproj", "{78EDB429-5479-469F-9A86-E7F1082E8343}"
EndProject
Project("{9A19103F-16F7-4668-BE54-9A1E7A4F7556}") = "2_Encapsulation_3", "2_Encapsulation_3\2_Encapsulation_3.csproj", "{C8BCED81-B12C-4B5F-ABDE-7F62704BF777}"
EndProject
Project("{9A19103F-16F7-4668-BE54-9A1E7A4F7556}") = "3_Constructor", "3_Constructor\3_Constructor.csproj", "{73A1AF9B-1895-4988-BBD6-7D1596C7245A}"
EndProject
Project("{9A19103F-16F7-4668-BE54-9A1E7A4F7556}") = "3_Constructor_Encapsulate", "3_Constructor_Encapsulate\3_Constructor_Encapsulate.csproj", "{267A528A-1616-4B3B-9B9F-8221EFCABA69}"
EndProject
Project("{FAE04EC0-301F-11D3-BF4B-00C04F79EFBC}") = "4_Inheritance_1", "4_Inheritance_1\4_Inheritance_1.csproj", "{AB263616-6462-4DA5-B0C6-60F74086824E}"
EndProject
Global
	GlobalSection(SolutionConfigurationPlatforms) = preSolution
		Debug|Any CPU = Debug|Any CPU
		Release|Any CPU = Release|Any CPU
	EndGlobalSection
	GlobalSection(ProjectConfigurationPlatforms) = postSolution
		{137AE305-49EB-45D6-A32E-1221EDE20A73}.Debug|Any CPU.ActiveCfg = Debug|Any CPU
		{137AE305-49EB-45D6-A32E-1221EDE20A73}.Debug|Any CPU.Build.0 = Debug|Any CPU
		{137AE305-49EB-45D6-A32E-1221EDE20A73}.Release|Any CPU.ActiveCfg = Release|Any CPU
		{137AE305-49EB-45D6-A32E-1221EDE20A73}.Release|Any CPU.Build.0 = Release|Any CPU
		{78EDB429-5479-469F-9A86-E7F1082E8343}.Debug|Any CPU.ActiveCfg = Debug|Any CPU
		{78EDB429-5479-469F-9A86-E7F1082E8343}.Debug|Any CPU.Build.0 = Debug|Any CPU
		{78EDB429-5479-469F-9A86-E7F1082E8343}.Release|Any CPU.ActiveCfg = Release|Any CPU
		{78EDB429-5479-469F-9A86-E7F1082E8343}.Release|Any CPU.Build.0 = Release|Any CPU
		{C8BCED81-B12C-4B5F-ABDE-7F62704BF777}.Debug|Any CPU.ActiveCfg = Debug|Any CPU
		{C8BCED81-B12C-4B5F-ABDE-7F62704BF777}.Debug|Any CPU.Build.0 = Debug|Any CPU
		{C8BCED81-B12C-4B5F-ABDE-7F62704BF777}.Release|Any CPU.ActiveCfg = Release|Any CPU
		{C8BCED81-B12C-4B5F-ABDE-7F62704BF777}.Release|Any CPU.Build.0 = Release|Any CPU
		{73A1AF9B-1895-4988-BBD6-7D1596C7245A}.Debug|Any CPU.ActiveCfg = Debug|Any CPU
		{73A1AF9B-1895-4988-BBD6-7D1596C7245A}.Debug|Any CPU.Build.0 = Debug|Any CPU
		{73A1AF9B-1895-4988-BBD6-7D1596C7245A}.Release|Any CPU.ActiveCfg = Release|Any CPU
		{73A1AF9B-1895-4988-BBD6-7D1596C7245A}.Release|Any CPU.Build.0 = Release|Any CPU
		{267A528A-1616-4B3B-9B9F-8221EFCABA69}.Debug|Any CPU.ActiveCfg = Debug|Any CPU
		{267A528A-1616-4B3B-9B9F-8221EFCABA69}.Debug|Any CPU.Build.0 = Debug|Any CPU
		{267A528A-1616-4B3B-9B9F-8221EFCABA69}.Release|Any CPU.ActiveCfg = Release|Any CPU
		{267A528A-1616-4B3B-9B9F-8221EFCABA69}.Release|Any CPU.Build.0 = Release|Any CPU
		{AB263616-6462-4DA5-B0C6-60F74086824E}.Debug|Any CPU.ActiveCfg = Debug|Any CPU
		{AB263616-6462-4DA5-B0C6-60F74086824E}.Debug|Any CPU.Build.0 = Debug|Any CPU
		{AB263616-6462-4DA5-B0C6-60F74086824E}.Release|Any CPU.ActiveCfg = Release|Any CPU
		{AB263616-6462-4DA5-B0C6-60F74086824E}.Release|Any CPU.Build.0 = Release|Any CPU
	EndGlobalSection
	GlobalSection(SolutionProperties) = preSolution
		HideSolutionNode = FALSE
	EndGlobalSection
	GlobalSection(ExtensibilityGlobals) = postSolution
		SolutionGuid = {1CB68833-0B24-4248-95E6-F56B345C5F1D}
	EndGlobalSection
EndGlobal
